
Microsoft Visual Studio Solution File, Format Version 12.00
Project("{FAE04EC0-301F-11D3-BF4B-00C04F79EFBC}") = "WebApplication", "WebApplication\WebApplication.csproj", "{E1AD2DAF-53B6-47C2-A31C-9F2ACC54FF2F}"
EndProject
Global
	GlobalSection(SolutionConfigurationPlatforms) = preSolution
		Debug|Any CPU = Debug|Any CPU
		Release|Any CPU = Release|Any CPU
	EndGlobalSection
	GlobalSection(ProjectConfigurationPlatforms) = postSolution
		{E1AD2DAF-53B6-47C2-A31C-9F2ACC54FF2F}.Debug|Any CPU.ActiveCfg = Debug|Any CPU
		{E1AD2DAF-53B6-47C2-A31C-9F2ACC54FF2F}.Debug|Any CPU.Build.0 = Debug|Any CPU
		{E1AD2DAF-53B6-47C2-A31C-9F2ACC54FF2F}.Release|Any CPU.ActiveCfg = Release|Any CPU
		{E1AD2DAF-53B6-47C2-A31C-9F2ACC54FF2F}.Release|Any CPU.Build.0 = Release|Any CPU
	EndGlobalSection
EndGlobal
